
Microsoft Visual Studio Solution File, Format Version 12.00
# Visual Studio Version 17
VisualStudioVersion = 17.5.33414.496
MinimumVisualStudioVersion = 10.0.40219.1
Project("{9A19103F-16F7-4668-BE54-9A1E7A4F7556}") = "RandevuSistemi", "RandevuSistemi\RandevuSistemi.csproj", "{B49C35FD-21A7-4C89-8BCE-7419BE4217F9}"
EndProject
Project("{2150E333-8FDC-42A3-9474-1A3956D46DE8}") = "Odev1", "Odev1", "{717C7A17-BFC4-4712-BBBE-89D59F04B19D}"
EndProject
Project("{2150E333-8FDC-42A3-9474-1A3956D46DE8}") = "Classes", "Classes", "{30A94DEE-9637-439D-A939-709D0D6D52CC}"
EndProject
Project("{FAE04EC0-301F-11D3-BF4B-00C04F79EFBC}") = "SinifOlusturma", "SinifOlusturma\SinifOlusturma.csproj", "{273A21D1-AED3-4536-A198-C952E88ED479}"
EndProject
Global
	GlobalSection(SolutionConfigurationPlatforms) = preSolution
		Debug|Any CPU = Debug|Any CPU
		Release|Any CPU = Release|Any CPU
	EndGlobalSection
	GlobalSection(ProjectConfigurationPlatforms) = postSolution
		{B49C35FD-21A7-4C89-8BCE-7419BE4217F9}.Debug|Any CPU.ActiveCfg = Debug|Any CPU
		{B49C35FD-21A7-4C89-8BCE-7419BE4217F9}.Debug|Any CPU.Build.0 = Debug|Any CPU
		{B49C35FD-21A7-4C89-8BCE-7419BE4217F9}.Release|Any CPU.ActiveCfg = Release|Any CPU
		{B49C35FD-21A7-4C89-8BCE-7419BE4217F9}.Release|Any CPU.Build.0 = Release|Any CPU
		{273A21D1-AED3-4536-A198-C952E88ED479}.Debug|Any CPU.ActiveCfg = Debug|Any CPU
		{273A21D1-AED3-4536-A198-C952E88ED479}.Debug|Any CPU.Build.0 = Debug|Any CPU
		{273A21D1-AED3-4536-A198-C952E88ED479}.Release|Any CPU.ActiveCfg = Release|Any CPU
		{273A21D1-AED3-4536-A198-C952E88ED479}.Release|Any CPU.Build.0 = Release|Any CPU
	EndGlobalSection
	GlobalSection(SolutionProperties) = preSolution
		HideSolutionNode = FALSE
	EndGlobalSection
	GlobalSection(NestedProjects) = preSolution
		{B49C35FD-21A7-4C89-8BCE-7419BE4217F9} = {717C7A17-BFC4-4712-BBBE-89D59F04B19D}
		{273A21D1-AED3-4536-A198-C952E88ED479} = {30A94DEE-9637-439D-A939-709D0D6D52CC}
	EndGlobalSection
	GlobalSection(ExtensibilityGlobals) = postSolution
		SolutionGuid = {954AC36A-3DE9-472A-AA68-25609B0B7783}
	EndGlobalSection
EndGlobal
