
Microsoft Visual Studio Solution File, Format Version 12.00
# Visual Studio Version 17
VisualStudioVersion = 17.5.33414.496
MinimumVisualStudioVersion = 10.0.40219.1
Project("{FAE04EC0-301F-11D3-BF4B-00C04F79EFBC}") = "RandevuSistemi", "RandevuSistemi\RandevuSistemi.csproj", "{B49C35FD-21A7-4C89-8BCE-7419BE4217F9}"
EndProject
Global
	GlobalSection(SolutionConfigurationPlatforms) = preSolution
		Debug|Any CPU = Debug|Any CPU
		Release|Any CPU = Release|Any CPU
	EndGlobalSection
	GlobalSection(ProjectConfigurationPlatforms) = postSolution
		{B49C35FD-21A7-4C89-8BCE-7419BE4217F9}.Debug|Any CPU.ActiveCfg = Debug|Any CPU
		{B49C35FD-21A7-4C89-8BCE-7419BE4217F9}.Debug|Any CPU.Build.0 = Debug|Any CPU
		{B49C35FD-21A7-4C89-8BCE-7419BE4217F9}.Release|Any CPU.ActiveCfg = Release|Any CPU
		{B49C35FD-21A7-4C89-8BCE-7419BE4217F9}.Release|Any CPU.Build.0 = Release|Any CPU
	EndGlobalSection
	GlobalSection(SolutionProperties) = preSolution
		HideSolutionNode = FALSE
	EndGlobalSection
	GlobalSection(ExtensibilityGlobals) = postSolution
		SolutionGuid = {954AC36A-3DE9-472A-AA68-25609B0B7783}
	EndGlobalSection
EndGlobal
